
Microsoft Visual Studio Solution File, Format Version 12.00
# Visual Studio Version 16
VisualStudioVersion = 16.0.34031.81
MinimumVisualStudioVersion = 10.0.40219.1
Project("{8BC9CEB8-8B4A-11D0-8D11-00A0C91BC942}") = "Devoir5part2", "Devoir5part2.vcxproj", "{F75A3813-E68D-4F3E-A9E6-B7EEF35DD65B}"
EndProject
Global
	GlobalSection(SolutionConfigurationPlatforms) = preSolution
		Debug|x64 = Debug|x64
		Release|x64 = Release|x64
	EndGlobalSection
	GlobalSection(ProjectConfigurationPlatforms) = postSolution
		{F75A3813-E68D-4F3E-A9E6-B7EEF35DD65B}.Debug|x64.ActiveCfg = Debug|x64
		{F75A3813-E68D-4F3E-A9E6-B7EEF35DD65B}.Debug|x64.Build.0 = Debug|x64
		{F75A3813-E68D-4F3E-A9E6-B7EEF35DD65B}.Release|x64.ActiveCfg = Release|x64
		{F75A3813-E68D-4F3E-A9E6-B7EEF35DD65B}.Release|x64.Build.0 = Release|x64
	EndGlobalSection
	GlobalSection(SolutionProperties) = preSolution
		HideSolutionNode = FALSE
	EndGlobalSection
	GlobalSection(ExtensibilityGlobals) = postSolution
		SolutionGuid = {A6A9AC7C-19EF-4388-8F31-26F2354E4D5F}
	EndGlobalSection
EndGlobal
