
Microsoft Visual Studio Solution File, Format Version 12.00
# Visual Studio Version 16
VisualStudioVersion = 16.0.34031.81
MinimumVisualStudioVersion = 10.0.40219.1
Project("{8BC9CEB8-8B4A-11D0-8D11-00A0C91BC942}") = "Devoir6Part2", "Devoir6Part2.vcxproj", "{F1FCB3D4-2307-40FA-B11D-869B18F87A57}"
EndProject
Global
	GlobalSection(SolutionConfigurationPlatforms) = preSolution
		Debug|x64 = Debug|x64
		Release|x64 = Release|x64
	EndGlobalSection
	GlobalSection(ProjectConfigurationPlatforms) = postSolution
		{F1FCB3D4-2307-40FA-B11D-869B18F87A57}.Debug|x64.ActiveCfg = Debug|x64
		{F1FCB3D4-2307-40FA-B11D-869B18F87A57}.Debug|x64.Build.0 = Debug|x64
		{F1FCB3D4-2307-40FA-B11D-869B18F87A57}.Release|x64.ActiveCfg = Release|x64
		{F1FCB3D4-2307-40FA-B11D-869B18F87A57}.Release|x64.Build.0 = Release|x64
	EndGlobalSection
	GlobalSection(SolutionProperties) = preSolution
		HideSolutionNode = FALSE
	EndGlobalSection
	GlobalSection(ExtensibilityGlobals) = postSolution
		SolutionGuid = {C638A4CF-2ED3-4E5A-8C5A-1912E2FEB1DA}
	EndGlobalSection
EndGlobal
